// !$*UTF8*$!
{
	archiveVersion = 1;
	classes = {
	};
	objectVersion = 46;
	objects = {

/* Begin PBXBuildFile section */
		B821167918CF5F010075C3BD /* Foundation.framework in Frameworks */ = {isa = PBXBuildFile; fileRef = B821167818CF5F010075C3BD /* Foundation.framework */; };
		B821167B18CF5F010075C3BD /* CoreGraphics.framework in Frameworks */ = {isa = PBXBuildFile; fileRef = B821167A18CF5F010075C3BD /* CoreGraphics.framework */; };
		B821167D18CF5F010075C3BD /* UIKit.framework in Frameworks */ = {isa = PBXBuildFile; fileRef = B821167C18CF5F010075C3BD /* UIKit.framework */; };
		B821168318CF5F010075C3BD /* InfoPlist.strings in Resources */ = {isa = PBXBuildFile; fileRef = B821168118CF5F010075C3BD /* InfoPlist.strings */; };
		B821168518CF5F010075C3BD /* main.m in Sources */ = {isa = PBXBuildFile; fileRef = B821168418CF5F010075C3BD /* main.m */; };
		B821168918CF5F010075C3BD /* guessAppDelegate.m in Sources */ = {isa = PBXBuildFile; fileRef = B821168818CF5F010075C3BD /* guessAppDelegate.m */; };
		B821168C18CF5F010075C3BD /* Main.storyboard in Resources */ = {isa = PBXBuildFile; fileRef = B821168A18CF5F010075C3BD /* Main.storyboard */; };
		B821168F18CF5F010075C3BD /* guessViewController.m in Sources */ = {isa = PBXBuildFile; fileRef = B821168E18CF5F010075C3BD /* guessViewController.m */; };
		B821169118CF5F010075C3BD /* Images.xcassets in Resources */ = {isa = PBXBuildFile; fileRef = B821169018CF5F010075C3BD /* Images.xcassets */; };
		B821169818CF5F010075C3BD /* XCTest.framework in Frameworks */ = {isa = PBXBuildFile; fileRef = B821169718CF5F010075C3BD /* XCTest.framework */; };
		B821169918CF5F010075C3BD /* Foundation.framework in Frameworks */ = {isa = PBXBuildFile; fileRef = B821167818CF5F010075C3BD /* Foundation.framework */; };
		B821169A18CF5F010075C3BD /* UIKit.framework in Frameworks */ = {isa = PBXBuildFile; fileRef = B821167C18CF5F010075C3BD /* UIKit.framework */; };
		B82116A218CF5F010075C3BD /* InfoPlist.strings in Resources */ = {isa = PBXBuildFile; fileRef = B82116A018CF5F010075C3BD /* InfoPlist.strings */; };
		B82116A418CF5F010075C3BD /* YouGuessTests.m in Sources */ = {isa = PBXBuildFile; fileRef = B82116A318CF5F010075C3BD /* YouGuessTests.m */; };
/* End PBXBuildFile section */

/* Begin PBXContainerItemProxy section */
		B821169B18CF5F010075C3BD /* PBXContainerItemProxy */ = {
			isa = PBXContainerItemProxy;
			containerPortal = B821166D18CF5F010075C3BD /* Project object */;
			proxyType = 1;
			remoteGlobalIDString = B821167418CF5F010075C3BD;
			remoteInfo = YouGuess;
		};
/* End PBXContainerItemProxy section */

/* Begin PBXFileReference section */
		B821167518CF5F010075C3BD /* YouGuess.app */ = {isa = PBXFileReference; explicitFileType = wrapper.application; includeInIndex = 0; path = YouGuess.app; sourceTree = BUILT_PRODUCTS_DIR; };
		B821167818CF5F010075C3BD /* Foundation.framework */ = {isa = PBXFileReference; lastKnownFileType = wrapper.framework; name = Foundation.framework; path = System/Library/Frameworks/Foundation.framework; sourceTree = SDKROOT; };
		B821167A18CF5F010075C3BD /* CoreGraphics.framework */ = {isa = PBXFileReference; lastKnownFileType = wrapper.framework; name = CoreGraphics.framework; path = System/Library/Frameworks/CoreGraphics.framework; sourceTree = SDKROOT; };
		B821167C18CF5F010075C3BD /* UIKit.framework */ = {isa = PBXFileReference; lastKnownFileType = wrapper.framework; name = UIKit.framework; path = System/Library/Frameworks/UIKit.framework; sourceTree = SDKROOT; };
		B821168018CF5F010075C3BD /* YouGuess-Info.plist */ = {isa = PBXFileReference; lastKnownFileType = text.plist.xml; path = "YouGuess-Info.plist"; sourceTree = "<group>"; };
		B821168218CF5F010075C3BD /* en */ = {isa = PBXFileReference; lastKnownFileType = text.plist.strings; name = en; path = en.lproj/InfoPlist.strings; sourceTree = "<group>"; };
		B821168418CF5F010075C3BD /* main.m */ = {isa = PBXFileReference; lastKnownFileType = sourcecode.c.objc; path = main.m; sourceTree = "<group>"; };
		B821168618CF5F010075C3BD /* YouGuess-Prefix.pch */ = {isa = PBXFileReference; lastKnownFileType = sourcecode.c.h; path = "YouGuess-Prefix.pch"; sourceTree = "<group>"; };
		B821168718CF5F010075C3BD /* guessAppDelegate.h */ = {isa = PBXFileReference; lastKnownFileType = sourcecode.c.h; path = guessAppDelegate.h; sourceTree = "<group>"; };
		B821168818CF5F010075C3BD /* guessAppDelegate.m */ = {isa = PBXFileReference; lastKnownFileType = sourcecode.c.objc; path = guessAppDelegate.m; sourceTree = "<group>"; };
		B821168B18CF5F010075C3BD /* Base */ = {isa = PBXFileReference; lastKnownFileType = file.storyboard; name = Base; path = Base.lproj/Main.storyboard; sourceTree = "<group>"; };
		B821168D18CF5F010075C3BD /* guessViewController.h */ = {isa = PBXFileReference; lastKnownFileType = sourcecode.c.h; path = guessViewController.h; sourceTree = "<group>"; };
		B821168E18CF5F010075C3BD /* guessViewController.m */ = {isa = PBXFileReference; lastKnownFileType = sourcecode.c.objc; path = guessViewController.m; sourceTree = "<group>"; };
		B821169018CF5F010075C3BD /* Images.xcassets */ = {isa = PBXFileReference; lastKnownFileType = folder.assetcatalog; path = Images.xcassets; sourceTree = "<group>"; };
		B821169618CF5F010075C3BD /* YouGuessTests.xctest */ = {isa = PBXFileReference; explicitFileType = wrapper.cfbundle; includeInIndex = 0; path = YouGuessTests.xctest; sourceTree = BUILT_PRODUCTS_DIR; };
		B821169718CF5F010075C3BD /* XCTest.framework */ = {isa = PBXFileReference; lastKnownFileType = wrapper.framework; name = XCTest.framework; path = Library/Frameworks/XCTest.framework; sourceTree = DEVELOPER_DIR; };
		B821169F18CF5F010075C3BD /* YouGuessTests-Info.plist */ = {isa = PBXFileReference; lastKnownFileType = text.plist.xml; path = "YouGuessTests-Info.plist"; sourceTree = "<group>"; };
		B82116A118CF5F010075C3BD /* en */ = {isa = PBXFileReference; lastKnownFileType = text.plist.strings; name = en; path = en.lproj/InfoPlist.strings; sourceTree = "<group>"; };
		B82116A318CF5F010075C3BD /* YouGuessTests.m */ = {isa = PBXFileReference; lastKnownFileType = sourcecode.c.objc; path = YouGuessTests.m; sourceTree = "<group>"; };
/* End PBXFileReference section */

/* Begin PBXFrameworksBuildPhase section */
		B821167218CF5F010075C3BD /* Frameworks */ = {
			isa = PBXFrameworksBuildPhase;
			buildActionMask = 2147483647;
			files = (
				B821167B18CF5F010075C3BD /* CoreGraphics.framework in Frameworks */,
				B821167D18CF5F010075C3BD /* UIKit.framework in Frameworks */,
				B821167918CF5F010075C3BD /* Foundation.framework in Frameworks */,
			);
			runOnlyForDeploymentPostprocessing = 0;
		};
		B821169318CF5F010075C3BD /* Frameworks */ = {
			isa = PBXFrameworksBuildPhase;
			buildActionMask = 2147483647;
			files = (
				B821169818CF5F010075C3BD /* XCTest.framework in Frameworks */,
				B821169A18CF5F010075C3BD /* UIKit.framework in Frameworks */,
				B821169918CF5F010075C3BD /* Foundation.framework in Frameworks */,
			);
			runOnlyForDeploymentPostprocessing = 0;
		};
/* End PBXFrameworksBuildPhase section */

/* Begin PBXGroup section */
		B821166C18CF5F010075C3BD = {
			isa = PBXGroup;
			children = (
				B821167E18CF5F010075C3BD /* YouGuess */,
				B821169D18CF5F010075C3BD /* YouGuessTests */,
				B821167718CF5F010075C3BD /* Frameworks */,
				B821167618CF5F010075C3BD /* Products */,
			);
			sourceTree = "<group>";
		};
		B821167618CF5F010075C3BD /* Products */ = {
			isa = PBXGroup;
			children = (
				B821167518CF5F010075C3BD /* YouGuess.app */,
				B821169618CF5F010075C3BD /* YouGuessTests.xctest */,
			);
			name = Products;
			sourceTree = "<group>";
		};
		B821167718CF5F010075C3BD /* Frameworks */ = {
			isa = PBXGroup;
			children = (
				B821167818CF5F010075C3BD /* Foundation.framework */,
				B821167A18CF5F010075C3BD /* CoreGraphics.framework */,
				B821167C18CF5F010075C3BD /* UIKit.framework */,
				B821169718CF5F010075C3BD /* XCTest.framework */,
			);
			name = Frameworks;
			sourceTree = "<group>";
		};
		B821167E18CF5F010075C3BD /* YouGuess */ = {
			isa = PBXGroup;
			children = (
				B82116AE18CF5F430075C3BD /* Models */,
				B821168A18CF5F010075C3BD /* Main.storyboard */,
				B821168D18CF5F010075C3BD /* guessViewController.h */,
				B821168E18CF5F010075C3BD /* guessViewController.m */,
				B821169018CF5F010075C3BD /* Images.xcassets */,
				B821167F18CF5F010075C3BD /* Supporting Files */,
			);
			path = YouGuess;
			sourceTree = "<group>";
		};
		B821167F18CF5F010075C3BD /* Supporting Files */ = {
			isa = PBXGroup;
			children = (
				B821168718CF5F010075C3BD /* guessAppDelegate.h */,
				B821168818CF5F010075C3BD /* guessAppDelegate.m */,
				B821168018CF5F010075C3BD /* YouGuess-Info.plist */,
				B821168118CF5F010075C3BD /* InfoPlist.strings */,
				B821168418CF5F010075C3BD /* main.m */,
				B821168618CF5F010075C3BD /* YouGuess-Prefix.pch */,
			);
			name = "Supporting Files";
			sourceTree = "<group>";
		};
		B821169D18CF5F010075C3BD /* YouGuessTests */ = {
			isa = PBXGroup;
			children = (
				B82116A318CF5F010075C3BD /* YouGuessTests.m */,
				B821169E18CF5F010075C3BD /* Supporting Files */,
			);
			path = YouGuessTests;
			sourceTree = "<group>";
		};
		B821169E18CF5F010075C3BD /* Supporting Files */ = {
			isa = PBXGroup;
			children = (
				B821169F18CF5F010075C3BD /* YouGuessTests-Info.plist */,
				B82116A018CF5F010075C3BD /* InfoPlist.strings */,
			);
			name = "Supporting Files";
			sourceTree = "<group>";
		};
		B82116AE18CF5F430075C3BD /* Models */ = {
			isa = PBXGroup;
			children = (
			);
			name = Models;
			sourceTree = "<group>";
		};
/* End PBXGroup section */

/* Begin PBXNativeTarget section */
		B821167418CF5F010075C3BD /* YouGuess */ = {
			isa = PBXNativeTarget;
			buildConfigurationList = B82116A718CF5F010075C3BD /* Build configuration list for PBXNativeTarget "YouGuess" */;
			buildPhases = (
				B821167118CF5F010075C3BD /* Sources */,
				B821167218CF5F010075C3BD /* Frameworks */,
				B821167318CF5F010075C3BD /* Resources */,
			);
			buildRules = (
			);
			dependencies = (
			);
			name = YouGuess;
			productName = YouGuess;
			productReference = B821167518CF5F010075C3BD /* YouGuess.app */;
			productType = "com.apple.product-type.application";
		};
		B821169518CF5F010075C3BD /* YouGuessTests */ = {
			isa = PBXNativeTarget;
			buildConfigurationList = B82116AA18CF5F010075C3BD /* Build configuration list for PBXNativeTarget "YouGuessTests" */;
			buildPhases = (
				B821169218CF5F010075C3BD /* Sources */,
				B821169318CF5F010075C3BD /* Frameworks */,
				B821169418CF5F010075C3BD /* Resources */,
			);
			buildRules = (
			);
			dependencies = (
				B821169C18CF5F010075C3BD /* PBXTargetDependency */,
			);
			name = YouGuessTests;
			productName = YouGuessTests;
			productReference = B821169618CF5F010075C3BD /* YouGuessTests.xctest */;
			productType = "com.apple.product-type.bundle.unit-test";
		};
/* End PBXNativeTarget section */

/* Begin PBXProject section */
		B821166D18CF5F010075C3BD /* Project object */ = {
			isa = PBXProject;
			attributes = {
				CLASSPREFIX = guess;
				LastUpgradeCheck = 0510;
				ORGANIZATIONNAME = blur;
				TargetAttributes = {
					B821169518CF5F010075C3BD = {
						TestTargetID = B821167418CF5F010075C3BD;
					};
				};
			};
			buildConfigurationList = B821167018CF5F010075C3BD /* Build configuration list for PBXProject "YouGuess" */;
			compatibilityVersion = "Xcode 3.2";
			developmentRegion = English;
			hasScannedForEncodings = 0;
			knownRegions = (
				en,
				Base,
			);
			mainGroup = B821166C18CF5F010075C3BD;
			productRefGroup = B821167618CF5F010075C3BD /* Products */;
			projectDirPath = "";
			projectRoot = "";
			targets = (
				B821167418CF5F010075C3BD /* YouGuess */,
				B821169518CF5F010075C3BD /* YouGuessTests */,
			);
		};
/* End PBXProject section */

/* Begin PBXResourcesBuildPhase section */
		B821167318CF5F010075C3BD /* Resources */ = {
			isa = PBXResourcesBuildPhase;
			buildActionMask = 2147483647;
			files = (
				B821169118CF5F010075C3BD /* Images.xcassets in Resources */,
				B821168318CF5F010075C3BD /* InfoPlist.strings in Resources */,
				B821168C18CF5F010075C3BD /* Main.storyboard in Resources */,
			);
			runOnlyForDeploymentPostprocessing = 0;
		};
		B821169418CF5F010075C3BD /* Resources */ = {
			isa = PBXResourcesBuildPhase;
			buildActionMask = 2147483647;
			files = (
				B82116A218CF5F010075C3BD /* InfoPlist.strings in Resources */,
			);
			runOnlyForDeploymentPostprocessing = 0;
		};
/* End PBXResourcesBuildPhase section */

/* Begin PBXSourcesBuildPhase section */
		B821167118CF5F010075C3BD /* Sources */ = {
			isa = PBXSourcesBuildPhase;
			buildActionMask = 2147483647;
			files = (
				B821168918CF5F010075C3BD /* guessAppDelegate.m in Sources */,
				B821168F18CF5F010075C3BD /* guessViewController.m in Sources */,
				B821168518CF5F010075C3BD /* main.m in Sources */,
			);
			runOnlyForDeploymentPostprocessing = 0;
		};
		B821169218CF5F010075C3BD /* Sources */ = {
			isa = PBXSourcesBuildPhase;
			buildActionMask = 2147483647;
			files = (
				B82116A418CF5F010075C3BD /* YouGuessTests.m in Sources */,
			);
			runOnlyForDeploymentPostprocessing = 0;
		};
/* End PBXSourcesBuildPhase section */

/* Begin PBXTargetDependency section */
		B821169C18CF5F010075C3BD /* PBXTargetDependency */ = {
			isa = PBXTargetDependency;
			target = B821167418CF5F010075C3BD /* YouGuess */;
			targetProxy = B821169B18CF5F010075C3BD /* PBXContainerItemProxy */;
		};
/* End PBXTargetDependency section */

/* Begin PBXVariantGroup section */
		B821168118CF5F010075C3BD /* InfoPlist.strings */ = {
			isa = PBXVariantGroup;
			children = (
				B821168218CF5F010075C3BD /* en */,
			);
			name = InfoPlist.strings;
			sourceTree = "<group>";
		};
		B821168A18CF5F010075C3BD /* Main.storyboard */ = {
			isa = PBXVariantGroup;
			children = (
				B821168B18CF5F010075C3BD /* Base */,
			);
			name = Main.storyboard;
			sourceTree = "<group>";
		};
		B82116A018CF5F010075C3BD /* InfoPlist.strings */ = {
			isa = PBXVariantGroup;
			children = (
				B82116A118CF5F010075C3BD /* en */,
			);
			name = InfoPlist.strings;
			sourceTree = "<group>";
		};
/* End PBXVariantGroup section */

/* Begin XCBuildConfiguration section */
		B82116A518CF5F010075C3BD /* Debug */ = {
			isa = XCBuildConfiguration;
			buildSettings = {
				ALWAYS_SEARCH_USER_PATHS = NO;
				CLANG_CXX_LANGUAGE_STANDARD = "gnu++0x";
				CLANG_CXX_LIBRARY = "libc++";
				CLANG_ENABLE_MODULES = YES;
				CLANG_ENABLE_OBJC_ARC = YES;
				CLANG_WARN_BOOL_CONVERSION = YES;
				CLANG_WARN_CONSTANT_CONVERSION = YES;
				CLANG_WARN_DIRECT_OBJC_ISA_USAGE = YES_ERROR;
				CLANG_WARN_EMPTY_BODY = YES;
				CLANG_WARN_ENUM_CONVERSION = YES;
				CLANG_WARN_INT_CONVERSION = YES;
				CLANG_WARN_OBJC_ROOT_CLASS = YES_ERROR;
				CLANG_WARN__DUPLICATE_METHOD_MATCH = YES;
				"CODE_SIGN_IDENTITY[sdk=iphoneos*]" = "iPhone Developer";
				COPY_PHASE_STRIP = NO;
				GCC_C_LANGUAGE_STANDARD = gnu99;
				GCC_DYNAMIC_NO_PIC = NO;
				GCC_OPTIMIZATION_LEVEL = 0;
				GCC_PREPROCESSOR_DEFINITIONS = (
					"DEBUG=1",
					"$(inherited)",
				);
				GCC_SYMBOLS_PRIVATE_EXTERN = NO;
				GCC_WARN_64_TO_32_BIT_CONVERSION = YES;
				GCC_WARN_ABOUT_RETURN_TYPE = YES_ERROR;
				GCC_WARN_UNDECLARED_SELECTOR = YES;
				GCC_WARN_UNINITIALIZED_AUTOS = YES_AGGRESSIVE;
				GCC_WARN_UNUSED_FUNCTION = YES;
				GCC_WARN_UNUSED_VARIABLE = YES;
				IPHONEOS_DEPLOYMENT_TARGET = 7.1;
				ONLY_ACTIVE_ARCH = YES;
				SDKROOT = iphoneos;
			};
			name = Debug;
		};
		B82116A618CF5F010075C3BD /* Release */ = {
			isa = XCBuildConfiguration;
			buildSettings = {
				ALWAYS_SEARCH_USER_PATHS = NO;
				CLANG_CXX_LANGUAGE_STANDARD = "gnu++0x";
				CLANG_CXX_LIBRARY = "libc++";
				CLANG_ENABLE_MODULES = YES;
				CLANG_ENABLE_OBJC_ARC = YES;
				CLANG_WARN_BOOL_CONVERSION = YES;
				CLANG_WARN_CONSTANT_CONVERSION = YES;
				CLANG_WARN_DIRECT_OBJC_ISA_USAGE = YES_ERROR;
				CLANG_WARN_EMPTY_BODY = YES;
				CLANG_WARN_ENUM_CONVERSION = YES;
				CLANG_WARN_INT_CONVERSION = YES;
				CLANG_WARN_OBJC_ROOT_CLASS = YES_ERROR;
				CLANG_WARN__DUPLICATE_METHOD_MATCH = YES;
				"CODE_SIGN_IDENTITY[sdk=iphoneos*]" = "iPhone Developer";
				COPY_PHASE_STRIP = YES;
				ENABLE_NS_ASSERTIONS = NO;
				GCC_C_LANGUAGE_STANDARD = gnu99;
				GCC_WARN_64_TO_32_BIT_CONVERSION = YES;
				GCC_WARN_ABOUT_RETURN_TYPE = YES_ERROR;
				GCC_WARN_UNDECLARED_SELECTOR = YES;
				GCC_WARN_UNINITIALIZED_AUTOS = YES_AGGRESSIVE;
				GCC_WARN_UNUSED_FUNCTION = YES;
				GCC_WARN_UNUSED_VARIABLE = YES;
				IPHONEOS_DEPLOYMENT_TARGET = 7.1;
				SDKROOT = iphoneos;
				VALIDATE_PRODUCT = YES;
			};
			name = Release;
		};
		B82116A818CF5F010075C3BD /* Debug */ = {
			isa = XCBuildConfiguration;
			buildSettings = {
				ASSETCATALOG_COMPILER_APPICON_NAME = AppIcon;
				ASSETCATALOG_COMPILER_LAUNCHIMAGE_NAME = LaunchImage;
				GCC_PRECOMPILE_PREFIX_HEADER = YES;
				GCC_PREFIX_HEADER = "YouGuess/YouGuess-Prefix.pch";
				INFOPLIST_FILE = "YouGuess/YouGuess-Info.plist";
				PRODUCT_NAME = "$(TARGET_NAME)";
				WRAPPER_EXTENSION = app;
			};
			name = Debug;
		};
		B82116A918CF5F010075C3BD /* Release */ = {
			isa = XCBuildConfiguration;
			buildSettings = {
				ASSETCATALOG_COMPILER_APPICON_NAME = AppIcon;
				ASSETCATALOG_COMPILER_LAUNCHIMAGE_NAME = LaunchImage;
				GCC_PRECOMPILE_PREFIX_HEADER = YES;
				GCC_PREFIX_HEADER = "YouGuess/YouGuess-Prefix.pch";
				INFOPLIST_FILE = "YouGuess/YouGuess-Info.plist";
				PRODUCT_NAME = "$(TARGET_NAME)";
				WRAPPER_EXTENSION = app;
			};
			name = Release;
		};
		B82116AB18CF5F010075C3BD /* Debug */ = {
			isa = XCBuildConfiguration;
			buildSettings = {
				BUNDLE_LOADER = "$(BUILT_PRODUCTS_DIR)/YouGuess.app/YouGuess";
				FRAMEWORK_SEARCH_PATHS = (
					"$(SDKROOT)/Developer/Library/Frameworks",
					"$(inherited)",
					"$(DEVELOPER_FRAMEWORKS_DIR)",
				);
				GCC_PRECOMPILE_PREFIX_HEADER = YES;
				GCC_PREFIX_HEADER = "YouGuess/YouGuess-Prefix.pch";
				GCC_PREPROCESSOR_DEFINITIONS = (
					"DEBUG=1",
					"$(inherited)",
				);
				INFOPLIST_FILE = "YouGuessTests/YouGuessTests-Info.plist";
				PRODUCT_NAME = "$(TARGET_NAME)";
				TEST_HOST = "$(BUNDLE_LOADER)";
				WRAPPER_EXTENSION = xctest;
			};
			name = Debug;
		};
		B82116AC18CF5F010075C3BD /* Release */ = {
			isa = XCBuildConfiguration;
			buildSettings = {
				BUNDLE_LOADER = "$(BUILT_PRODUCTS_DIR)/YouGuess.app/YouGuess";
				FRAMEWORK_SEARCH_PATHS = (
					"$(SDKROOT)/Developer/Library/Frameworks",
					"$(inherited)",
					"$(DEVELOPER_FRAMEWORKS_DIR)",
				);
				GCC_PRECOMPILE_PREFIX_HEADER = YES;
				GCC_PREFIX_HEADER = "YouGuess/YouGuess-Prefix.pch";
				INFOPLIST_FILE = "YouGuessTests/YouGuessTests-Info.plist";
				PRODUCT_NAME = "$(TARGET_NAME)";
				TEST_HOST = "$(BUNDLE_LOADER)";
				WRAPPER_EXTENSION = xctest;
			};
			name = Release;
		};
/* End XCBuildConfiguration section */

/* Begin XCConfigurationList section */
		B821167018CF5F010075C3BD /* Build configuration list for PBXProject "YouGuess" */ = {
			isa = XCConfigurationList;
			buildConfigurations = (
				B82116A518CF5F010075C3BD /* Debug */,
				B82116A618CF5F010075C3BD /* Release */,
			);
			defaultConfigurationIsVisible = 0;
			defaultConfigurationName = Release;
		};
		B82116A718CF5F010075C3BD /* Build configuration list for PBXNativeTarget "YouGuess" */ = {
			isa = XCConfigurationList;
			buildConfigurations = (
				B82116A818CF5F010075C3BD /* Debug */,
				B82116A918CF5F010075C3BD /* Release */,
			);
			defaultConfigurationIsVisible = 0;
		};
		B82116AA18CF5F010075C3BD /* Build configuration list for PBXNativeTarget "YouGuessTests" */ = {
			isa = XCConfigurationList;
			buildConfigurations = (
				B82116AB18CF5F010075C3BD /* Debug */,
				B82116AC18CF5F010075C3BD /* Release */,
			);
			defaultConfigurationIsVisible = 0;
		};
/* End XCConfigurationList section */
	};
	rootObject = B821166D18CF5F010075C3BD /* Project object */;
}
